// !$*UTF8*$!
{
	archiveVersion = 1;
	classes = {
	};
	objectVersion = 56;
	objects = {

/* Begin PBXBuildFile section */
		DA24DF802C53068B00A7CE6E /* ProfileViewController.swift in Sources */ = {isa = PBXBuildFile; fileRef = DA24DF7F2C53068B00A7CE6E /* ProfileViewController.swift */; };
		DA25B49D2C49A16000A620B5 /* DetailsViewController.swift in Sources */ = {isa = PBXBuildFile; fileRef = DA25B49C2C49A16000A620B5 /* DetailsViewController.swift */; };
		DA31119D2C53B0B20090EF78 /* Lottie in Frameworks */ = {isa = PBXBuildFile; productRef = DA31119C2C53B0B20090EF78 /* Lottie */; };
		DA45E68B2C469B9700599345 /* AppDelegate.swift in Sources */ = {isa = PBXBuildFile; fileRef = DA45E68A2C469B9700599345 /* AppDelegate.swift */; };
		DA45E68D2C469B9700599345 /* SceneDelegate.swift in Sources */ = {isa = PBXBuildFile; fileRef = DA45E68C2C469B9700599345 /* SceneDelegate.swift */; };
		DA45E68F2C469B9700599345 /* SplashViewController.swift in Sources */ = {isa = PBXBuildFile; fileRef = DA45E68E2C469B9700599345 /* SplashViewController.swift */; };
		DA45E6922C469B9700599345 /* Base in Resources */ = {isa = PBXBuildFile; fileRef = DA45E6912C469B9700599345 /* Base */; };
		DA45E6942C469B9900599345 /* Assets.xcassets in Resources */ = {isa = PBXBuildFile; fileRef = DA45E6932C469B9900599345 /* Assets.xcassets */; };
		DA45E6972C469B9900599345 /* Base in Resources */ = {isa = PBXBuildFile; fileRef = DA45E6962C469B9900599345 /* Base */; };
		DA45E6A42C46B93800599345 /* AppColors.swift in Sources */ = {isa = PBXBuildFile; fileRef = DA45E6A32C46B93800599345 /* AppColors.swift */; };
		DA45E6A72C46BA4100599345 /* ColorExtension.swift in Sources */ = {isa = PBXBuildFile; fileRef = DA45E6A62C46BA4100599345 /* ColorExtension.swift */; };
		DA45E6B12C46D53100599345 /* Poppins-Regular.ttf in Resources */ = {isa = PBXBuildFile; fileRef = DA45E6B02C46D53100599345 /* Poppins-Regular.ttf */; };
		DA45E6B32C46D55200599345 /* Poppins-Bold.ttf in Resources */ = {isa = PBXBuildFile; fileRef = DA45E6B22C46D55200599345 /* Poppins-Bold.ttf */; };
		DA45E6B52C46D56000599345 /* Poppins-SemiBold.ttf in Resources */ = {isa = PBXBuildFile; fileRef = DA45E6B42C46D56000599345 /* Poppins-SemiBold.ttf */; };
		DA45E6B72C46DEC700599345 /* AppFonts.swift in Sources */ = {isa = PBXBuildFile; fileRef = DA45E6B62C46DEC700599345 /* AppFonts.swift */; };
		DA45E6B92C46E09B00599345 /* Poppins-Medium.ttf in Resources */ = {isa = PBXBuildFile; fileRef = DA45E6B82C46E09B00599345 /* Poppins-Medium.ttf */; };
		DA45E6BC2C46EA2000599345 /* AppConstants.swift in Sources */ = {isa = PBXBuildFile; fileRef = DA45E6BB2C46EA2000599345 /* AppConstants.swift */; };
		DA45E6BF2C46EC4500599345 /* HomepageViewController.swift in Sources */ = {isa = PBXBuildFile; fileRef = DA45E6BE2C46EC4500599345 /* HomepageViewController.swift */; };
		DA91885A2C4946EB00AF6C32 /* CoinTableViewCell.swift in Sources */ = {isa = PBXBuildFile; fileRef = DA9188592C4946EB00AF6C32 /* CoinTableViewCell.swift */; };
		DA9795702C50FF44004ED106 /* CoinDataModel.swift in Sources */ = {isa = PBXBuildFile; fileRef = DA97956F2C50FF44004ED106 /* CoinDataModel.swift */; };
		DA9795722C50FF63004ED106 /* NetworkManager.swift in Sources */ = {isa = PBXBuildFile; fileRef = DA9795712C50FF63004ED106 /* NetworkManager.swift */; };
		DA9795752C51000E004ED106 /* Alamofire in Frameworks */ = {isa = PBXBuildFile; productRef = DA9795742C51000E004ED106 /* Alamofire */; };
		DAA16BF72C4A827A0096FF9C /* TinyConstraints in Frameworks */ = {isa = PBXBuildFile; productRef = DAA16BF62C4A827A0096FF9C /* TinyConstraints */; };
		DAA16BFA2C4A84120096FF9C /* DGCharts in Frameworks */ = {isa = PBXBuildFile; productRef = DAA16BF92C4A84120096FF9C /* DGCharts */; };
		DAA5A21A2C4BC5EE0051FE1F /* SettingsTableViewCell.swift in Sources */ = {isa = PBXBuildFile; fileRef = DAA5A2192C4BC5EE0051FE1F /* SettingsTableViewCell.swift */; };
		DAA5A21C2C4BCBEE0051FE1F /* SettingsViewController.swift in Sources */ = {isa = PBXBuildFile; fileRef = DAA5A21B2C4BCBEE0051FE1F /* SettingsViewController.swift */; };
		DAC61EEA2C58E283001F8B47 /* BaseViewController.swift in Sources */ = {isa = PBXBuildFile; fileRef = DAC61EE92C58E283001F8B47 /* BaseViewController.swift */; };
		DAC6E16B2C4DAB1700BF58BC /* SettingsManager.swift in Sources */ = {isa = PBXBuildFile; fileRef = DAC6E16A2C4DAB1600BF58BC /* SettingsManager.swift */; };
		DAD20F9B2C4A36B90077AC77 /* CoinCollectionViewCell.swift in Sources */ = {isa = PBXBuildFile; fileRef = DAD20F9A2C4A36B90077AC77 /* CoinCollectionViewCell.swift */; };
/* End PBXBuildFile section */

/* Begin PBXCopyFilesBuildPhase section */
		DAF3E38A2C4A7EDB00E036B2 /* Embed Frameworks */ = {
			isa = PBXCopyFilesBuildPhase;
			buildActionMask = 2147483647;
			dstPath = "";
			dstSubfolderSpec = 10;
			files = (
			);
			name = "Embed Frameworks";
			runOnlyForDeploymentPostprocessing = 0;
		};
/* End PBXCopyFilesBuildPhase section */

/* Begin PBXFileReference section */
		DA24DF7F2C53068B00A7CE6E /* ProfileViewController.swift */ = {isa = PBXFileReference; lastKnownFileType = sourcecode.swift; path = ProfileViewController.swift; sourceTree = "<group>"; };
		DA25B49C2C49A16000A620B5 /* DetailsViewController.swift */ = {isa = PBXFileReference; lastKnownFileType = sourcecode.swift; path = DetailsViewController.swift; sourceTree = "<group>"; };
		DA45E6872C469B9700599345 /* CryptX.app */ = {isa = PBXFileReference; explicitFileType = wrapper.application; includeInIndex = 0; path = CryptX.app; sourceTree = BUILT_PRODUCTS_DIR; };
		DA45E68A2C469B9700599345 /* AppDelegate.swift */ = {isa = PBXFileReference; lastKnownFileType = sourcecode.swift; path = AppDelegate.swift; sourceTree = "<group>"; };
		DA45E68C2C469B9700599345 /* SceneDelegate.swift */ = {isa = PBXFileReference; lastKnownFileType = sourcecode.swift; path = SceneDelegate.swift; sourceTree = "<group>"; };
		DA45E68E2C469B9700599345 /* SplashViewController.swift */ = {isa = PBXFileReference; lastKnownFileType = sourcecode.swift; path = SplashViewController.swift; sourceTree = "<group>"; };
		DA45E6912C469B9700599345 /* Base */ = {isa = PBXFileReference; lastKnownFileType = file.storyboard; name = Base; path = Base.lproj/Main.storyboard; sourceTree = "<group>"; };
		DA45E6932C469B9900599345 /* Assets.xcassets */ = {isa = PBXFileReference; lastKnownFileType = folder.assetcatalog; path = Assets.xcassets; sourceTree = "<group>"; };
		DA45E6962C469B9900599345 /* Base */ = {isa = PBXFileReference; lastKnownFileType = file.storyboard; name = Base; path = Base.lproj/LaunchScreen.storyboard; sourceTree = "<group>"; };
		DA45E6982C469B9900599345 /* Info.plist */ = {isa = PBXFileReference; lastKnownFileType = text.plist.xml; path = Info.plist; sourceTree = "<group>"; };
		DA45E6A32C46B93800599345 /* AppColors.swift */ = {isa = PBXFileReference; lastKnownFileType = sourcecode.swift; path = AppColors.swift; sourceTree = "<group>"; };
		DA45E6A62C46BA4100599345 /* ColorExtension.swift */ = {isa = PBXFileReference; lastKnownFileType = sourcecode.swift; path = ColorExtension.swift; sourceTree = "<group>"; };
		DA45E6B02C46D53100599345 /* Poppins-Regular.ttf */ = {isa = PBXFileReference; lastKnownFileType = file; path = "Poppins-Regular.ttf"; sourceTree = "<group>"; };
		DA45E6B22C46D55200599345 /* Poppins-Bold.ttf */ = {isa = PBXFileReference; lastKnownFileType = file; path = "Poppins-Bold.ttf"; sourceTree = "<group>"; };
		DA45E6B42C46D56000599345 /* Poppins-SemiBold.ttf */ = {isa = PBXFileReference; lastKnownFileType = file; path = "Poppins-SemiBold.ttf"; sourceTree = "<group>"; };
		DA45E6B62C46DEC700599345 /* AppFonts.swift */ = {isa = PBXFileReference; lastKnownFileType = sourcecode.swift; path = AppFonts.swift; sourceTree = "<group>"; };
		DA45E6B82C46E09B00599345 /* Poppins-Medium.ttf */ = {isa = PBXFileReference; lastKnownFileType = file; path = "Poppins-Medium.ttf"; sourceTree = "<group>"; };
		DA45E6BB2C46EA2000599345 /* AppConstants.swift */ = {isa = PBXFileReference; lastKnownFileType = sourcecode.swift; path = AppConstants.swift; sourceTree = "<group>"; };
		DA45E6BE2C46EC4500599345 /* HomepageViewController.swift */ = {isa = PBXFileReference; lastKnownFileType = sourcecode.swift; path = HomepageViewController.swift; sourceTree = "<group>"; };
		DA9188592C4946EB00AF6C32 /* CoinTableViewCell.swift */ = {isa = PBXFileReference; lastKnownFileType = sourcecode.swift; path = CoinTableViewCell.swift; sourceTree = "<group>"; };
		DA97956F2C50FF44004ED106 /* CoinDataModel.swift */ = {isa = PBXFileReference; lastKnownFileType = sourcecode.swift; path = CoinDataModel.swift; sourceTree = "<group>"; };
		DA9795712C50FF63004ED106 /* NetworkManager.swift */ = {isa = PBXFileReference; lastKnownFileType = sourcecode.swift; path = NetworkManager.swift; sourceTree = "<group>"; };
		DAA5A2192C4BC5EE0051FE1F /* SettingsTableViewCell.swift */ = {isa = PBXFileReference; lastKnownFileType = sourcecode.swift; path = SettingsTableViewCell.swift; sourceTree = "<group>"; };
		DAA5A21B2C4BCBEE0051FE1F /* SettingsViewController.swift */ = {isa = PBXFileReference; lastKnownFileType = sourcecode.swift; path = SettingsViewController.swift; sourceTree = "<group>"; };
		DAC61EE92C58E283001F8B47 /* BaseViewController.swift */ = {isa = PBXFileReference; lastKnownFileType = sourcecode.swift; path = BaseViewController.swift; sourceTree = "<group>"; };
		DAC6E16A2C4DAB1600BF58BC /* SettingsManager.swift */ = {isa = PBXFileReference; lastKnownFileType = sourcecode.swift; path = SettingsManager.swift; sourceTree = "<group>"; };
		DAD20F9A2C4A36B90077AC77 /* CoinCollectionViewCell.swift */ = {isa = PBXFileReference; lastKnownFileType = sourcecode.swift; path = CoinCollectionViewCell.swift; sourceTree = "<group>"; };
/* End PBXFileReference section */

/* Begin PBXFrameworksBuildPhase section */
		DA45E6842C469B9700599345 /* Frameworks */ = {
			isa = PBXFrameworksBuildPhase;
			buildActionMask = 2147483647;
			files = (
				DA9795752C51000E004ED106 /* Alamofire in Frameworks */,
				DAA16BFA2C4A84120096FF9C /* DGCharts in Frameworks */,
				DAA16BF72C4A827A0096FF9C /* TinyConstraints in Frameworks */,
				DA31119D2C53B0B20090EF78 /* Lottie in Frameworks */,
			);
			runOnlyForDeploymentPostprocessing = 0;
		};
/* End PBXFrameworksBuildPhase section */

/* Begin PBXGroup section */
		DA24DF7E2C53066900A7CE6E /* 4.Profile */ = {
			isa = PBXGroup;
			children = (
				DA24DF7F2C53068B00A7CE6E /* ProfileViewController.swift */,
			);
			path = 4.Profile;
			sourceTree = "<group>";
		};
		DA25B4962C499DD900A620B5 /* 2.Details */ = {
			isa = PBXGroup;
			children = (
				DAD20F992C4A36A90077AC77 /* Cell */,
				DA25B49C2C49A16000A620B5 /* DetailsViewController.swift */,
			);
			path = 2.Details;
			sourceTree = "<group>";
		};
		DA45E67E2C469B9700599345 = {
			isa = PBXGroup;
			children = (
				DA45E6892C469B9700599345 /* CryptX */,
				DA45E6882C469B9700599345 /* Products */,
				DAA16BF02C4A827A0096FF9C /* Frameworks */,
			);
			sourceTree = "<group>";
		};
		DA45E6882C469B9700599345 /* Products */ = {
			isa = PBXGroup;
			children = (
				DA45E6872C469B9700599345 /* CryptX.app */,
			);
			name = Products;
			sourceTree = "<group>";
		};
		DA45E6892C469B9700599345 /* CryptX */ = {
			isa = PBXGroup;
			children = (
				DA45E6BA2C46EA0D00599345 /* AppConstants */,
				DA45E6A02C469C0C00599345 /* Assets */,
				DA45E69E2C469BEC00599345 /* ApplicationLifeCycle */,
				DA97956D2C50FEE9004ED106 /* Network */,
				DA45E69F2C469C0000599345 /* Scenes */,
				DA45E6982C469B9900599345 /* Info.plist */,
			);
			path = CryptX;
			sourceTree = "<group>";
		};
		DA45E69E2C469BEC00599345 /* ApplicationLifeCycle */ = {
			isa = PBXGroup;
			children = (
				DA45E6A52C46BA2900599345 /* Extensions */,
				DA45E68A2C469B9700599345 /* AppDelegate.swift */,
				DA45E68C2C469B9700599345 /* SceneDelegate.swift */,
				DA45E6952C469B9900599345 /* LaunchScreen.storyboard */,
				DAC6E16A2C4DAB1600BF58BC /* SettingsManager.swift */,
			);
			path = ApplicationLifeCycle;
			sourceTree = "<group>";
		};
		DA45E69F2C469C0000599345 /* Scenes */ = {
			isa = PBXGroup;
			children = (
				DAC61EE92C58E283001F8B47 /* BaseViewController.swift */,
				DA45E6902C469B9700599345 /* Main.storyboard */,
				DA45E6A12C469CCE00599345 /* 0.Splash */,
				DA45E6BD2C46EB6000599345 /* 1.Homepage */,
				DA25B4962C499DD900A620B5 /* 2.Details */,
				DA65FB072C4BBC5D0017AF16 /* 3.Settings */,
				DA24DF7E2C53066900A7CE6E /* 4.Profile */,
			);
			path = Scenes;
			sourceTree = "<group>";
		};
		DA45E6A02C469C0C00599345 /* Assets */ = {
			isa = PBXGroup;
			children = (
				DA45E6932C469B9900599345 /* Assets.xcassets */,
				DA45E6AF2C46D4D200599345 /* Fonts */,
				DA45E6A22C46B90900599345 /* Colors */,
			);
			path = Assets;
			sourceTree = "<group>";
		};
		DA45E6A12C469CCE00599345 /* 0.Splash */ = {
			isa = PBXGroup;
			children = (
				DA45E68E2C469B9700599345 /* SplashViewController.swift */,
			);
			path = 0.Splash;
			sourceTree = "<group>";
		};
		DA45E6A22C46B90900599345 /* Colors */ = {
			isa = PBXGroup;
			children = (
				DA45E6A32C46B93800599345 /* AppColors.swift */,
			);
			path = Colors;
			sourceTree = "<group>";
		};
		DA45E6A52C46BA2900599345 /* Extensions */ = {
			isa = PBXGroup;
			children = (
				DA45E6A62C46BA4100599345 /* ColorExtension.swift */,
			);
			path = Extensions;
			sourceTree = "<group>";
		};
		DA45E6AF2C46D4D200599345 /* Fonts */ = {
			isa = PBXGroup;
			children = (
				DA45E6B62C46DEC700599345 /* AppFonts.swift */,
				DA45E6B22C46D55200599345 /* Poppins-Bold.ttf */,
				DA45E6B82C46E09B00599345 /* Poppins-Medium.ttf */,
				DA45E6B02C46D53100599345 /* Poppins-Regular.ttf */,
				DA45E6B42C46D56000599345 /* Poppins-SemiBold.ttf */,
			);
			path = Fonts;
			sourceTree = "<group>";
		};
		DA45E6BA2C46EA0D00599345 /* AppConstants */ = {
			isa = PBXGroup;
			children = (
				DA45E6BB2C46EA2000599345 /* AppConstants.swift */,
			);
			path = AppConstants;
			sourceTree = "<group>";
		};
		DA45E6BD2C46EB6000599345 /* 1.Homepage */ = {
			isa = PBXGroup;
			children = (
				DA9188582C4946D500AF6C32 /* Cell */,
				DA45E6BE2C46EC4500599345 /* HomepageViewController.swift */,
			);
			path = 1.Homepage;
			sourceTree = "<group>";
		};
		DA65FB072C4BBC5D0017AF16 /* 3.Settings */ = {
			isa = PBXGroup;
			children = (
				DAA5A2182C4BC5BB0051FE1F /* Cell */,
				DAA5A21B2C4BCBEE0051FE1F /* SettingsViewController.swift */,
			);
			path = 3.Settings;
			sourceTree = "<group>";
		};
		DA9188582C4946D500AF6C32 /* Cell */ = {
			isa = PBXGroup;
			children = (
				DA9188592C4946EB00AF6C32 /* CoinTableViewCell.swift */,
			);
			path = Cell;
			sourceTree = "<group>";
		};
		DA97956D2C50FEE9004ED106 /* Network */ = {
			isa = PBXGroup;
			children = (
				DA9795712C50FF63004ED106 /* NetworkManager.swift */,
				DA97956E2C50FF28004ED106 /* DataModel */,
			);
			path = Network;
			sourceTree = "<group>";
		};
		DA97956E2C50FF28004ED106 /* DataModel */ = {
			isa = PBXGroup;
			children = (
				DA97956F2C50FF44004ED106 /* CoinDataModel.swift */,
			);
			path = DataModel;
			sourceTree = "<group>";
		};
		DAA16BF02C4A827A0096FF9C /* Frameworks */ = {
			isa = PBXGroup;
			children = (
			);
			name = Frameworks;
			sourceTree = "<group>";
		};
		DAA5A2182C4BC5BB0051FE1F /* Cell */ = {
			isa = PBXGroup;
			children = (
				DAA5A2192C4BC5EE0051FE1F /* SettingsTableViewCell.swift */,
			);
			path = Cell;
			sourceTree = "<group>";
		};
		DAD20F992C4A36A90077AC77 /* Cell */ = {
			isa = PBXGroup;
			children = (
				DAD20F9A2C4A36B90077AC77 /* CoinCollectionViewCell.swift */,
			);
			path = Cell;
			sourceTree = "<group>";
		};
/* End PBXGroup section */

/* Begin PBXNativeTarget section */
		DA45E6862C469B9700599345 /* CryptX */ = {
			isa = PBXNativeTarget;
			buildConfigurationList = DA45E69B2C469B9900599345 /* Build configuration list for PBXNativeTarget "CryptX" */;
			buildPhases = (
				DA45E6832C469B9700599345 /* Sources */,
				DA45E6842C469B9700599345 /* Frameworks */,
				DA45E6852C469B9700599345 /* Resources */,
				DAF3E38A2C4A7EDB00E036B2 /* Embed Frameworks */,
			);
			buildRules = (
			);
			dependencies = (
				DAA916672C4A865D00BE33BE /* PBXTargetDependency */,
			);
			name = CryptX;
			packageProductDependencies = (
				DAA16BF62C4A827A0096FF9C /* TinyConstraints */,
				DAA16BF92C4A84120096FF9C /* DGCharts */,
				DA9795742C51000E004ED106 /* Alamofire */,
				DA31119C2C53B0B20090EF78 /* Lottie */,
			);
			productName = CryptX;
			productReference = DA45E6872C469B9700599345 /* CryptX.app */;
			productType = "com.apple.product-type.application";
		};
/* End PBXNativeTarget section */

/* Begin PBXProject section */
		DA45E67F2C469B9700599345 /* Project object */ = {
			isa = PBXProject;
			attributes = {
				BuildIndependentTargetsInParallel = 1;
				LastSwiftUpdateCheck = 1540;
				LastUpgradeCheck = 1540;
				TargetAttributes = {
					DA45E6862C469B9700599345 = {
						CreatedOnToolsVersion = 15.4;
					};
				};
			};
			buildConfigurationList = DA45E6822C469B9700599345 /* Build configuration list for PBXProject "CryptX" */;
			compatibilityVersion = "Xcode 14.0";
			developmentRegion = en;
			hasScannedForEncodings = 0;
			knownRegions = (
				en,
				Base,
			);
			mainGroup = DA45E67E2C469B9700599345;
			packageReferences = (
				DAF3E38B2C4A7F2E00E036B2 /* XCRemoteSwiftPackageReference "TinyConstraints" */,
				DAA16BF82C4A84120096FF9C /* XCRemoteSwiftPackageReference "Charts" */,
				DAA16BFB2C4A84D40096FF9C /* XCRemoteSwiftPackageReference "SwiftLintPlugins" */,
				DA9795732C51000E004ED106 /* XCRemoteSwiftPackageReference "Alamofire" */,
				DA008BF02C539C4F00A93C97 /* XCRemoteSwiftPackageReference "lottie-ios" */,
			);
			productRefGroup = DA45E6882C469B9700599345 /* Products */;
			projectDirPath = "";
			projectRoot = "";
			targets = (
				DA45E6862C469B9700599345 /* CryptX */,
			);
		};
/* End PBXProject section */

/* Begin PBXResourcesBuildPhase section */
		DA45E6852C469B9700599345 /* Resources */ = {
			isa = PBXResourcesBuildPhase;
			buildActionMask = 2147483647;
			files = (
				DA45E6942C469B9900599345 /* Assets.xcassets in Resources */,
				DA45E6B92C46E09B00599345 /* Poppins-Medium.ttf in Resources */,
				DA45E6972C469B9900599345 /* Base in Resources */,
				DA45E6B32C46D55200599345 /* Poppins-Bold.ttf in Resources */,
				DA45E6B52C46D56000599345 /* Poppins-SemiBold.ttf in Resources */,
				DA45E6922C469B9700599345 /* Base in Resources */,
				DA45E6B12C46D53100599345 /* Poppins-Regular.ttf in Resources */,
			);
			runOnlyForDeploymentPostprocessing = 0;
		};
/* End PBXResourcesBuildPhase section */

/* Begin PBXSourcesBuildPhase section */
		DA45E6832C469B9700599345 /* Sources */ = {
			isa = PBXSourcesBuildPhase;
			buildActionMask = 2147483647;
			files = (
				DA45E6B72C46DEC700599345 /* AppFonts.swift in Sources */,
				DAA5A21C2C4BCBEE0051FE1F /* SettingsViewController.swift in Sources */,
				DA45E68F2C469B9700599345 /* SplashViewController.swift in Sources */,
				DAA5A21A2C4BC5EE0051FE1F /* SettingsTableViewCell.swift in Sources */,
				DA9795722C50FF63004ED106 /* NetworkManager.swift in Sources */,
				DAC61EEA2C58E283001F8B47 /* BaseViewController.swift in Sources */,
				DA45E6A42C46B93800599345 /* AppColors.swift in Sources */,
				DA25B49D2C49A16000A620B5 /* DetailsViewController.swift in Sources */,
				DA24DF802C53068B00A7CE6E /* ProfileViewController.swift in Sources */,
				DA45E68B2C469B9700599345 /* AppDelegate.swift in Sources */,
				DA91885A2C4946EB00AF6C32 /* CoinTableViewCell.swift in Sources */,
				DA45E6BF2C46EC4500599345 /* HomepageViewController.swift in Sources */,
				DA45E6BC2C46EA2000599345 /* AppConstants.swift in Sources */,
				DAC6E16B2C4DAB1700BF58BC /* SettingsManager.swift in Sources */,
				DA45E68D2C469B9700599345 /* SceneDelegate.swift in Sources */,
				DA45E6A72C46BA4100599345 /* ColorExtension.swift in Sources */,
				DAD20F9B2C4A36B90077AC77 /* CoinCollectionViewCell.swift in Sources */,
				DA9795702C50FF44004ED106 /* CoinDataModel.swift in Sources */,
			);
			runOnlyForDeploymentPostprocessing = 0;
		};
/* End PBXSourcesBuildPhase section */

/* Begin PBXTargetDependency section */
		DAA916672C4A865D00BE33BE /* PBXTargetDependency */ = {
			isa = PBXTargetDependency;
			productRef = DAA916662C4A865D00BE33BE /* SwiftLintBuildToolPlugin */;
		};
/* End PBXTargetDependency section */

/* Begin PBXVariantGroup section */
		DA45E6902C469B9700599345 /* Main.storyboard */ = {
			isa = PBXVariantGroup;
			children = (
				DA45E6912C469B9700599345 /* Base */,
			);
			name = Main.storyboard;
			sourceTree = "<group>";
		};
		DA45E6952C469B9900599345 /* LaunchScreen.storyboard */ = {
			isa = PBXVariantGroup;
			children = (
				DA45E6962C469B9900599345 /* Base */,
			);
			name = LaunchScreen.storyboard;
			sourceTree = "<group>";
		};
/* End PBXVariantGroup section */

/* Begin XCBuildConfiguration section */
		DA45E6992C469B9900599345 /* Debug */ = {
			isa = XCBuildConfiguration;
			buildSettings = {
				ALWAYS_SEARCH_USER_PATHS = NO;
				ASSETCATALOG_COMPILER_GENERATE_SWIFT_ASSET_SYMBOL_EXTENSIONS = YES;
				CLANG_ANALYZER_NONNULL = YES;
				CLANG_ANALYZER_NUMBER_OBJECT_CONVERSION = YES_AGGRESSIVE;
				CLANG_CXX_LANGUAGE_STANDARD = "gnu++20";
				CLANG_ENABLE_MODULES = YES;
				CLANG_ENABLE_OBJC_ARC = YES;
				CLANG_ENABLE_OBJC_WEAK = YES;
				CLANG_WARN_BLOCK_CAPTURE_AUTORELEASING = YES;
				CLANG_WARN_BOOL_CONVERSION = YES;
				CLANG_WARN_COMMA = YES;
				CLANG_WARN_CONSTANT_CONVERSION = YES;
				CLANG_WARN_DEPRECATED_OBJC_IMPLEMENTATIONS = YES;
				CLANG_WARN_DIRECT_OBJC_ISA_USAGE = YES_ERROR;
				CLANG_WARN_DOCUMENTATION_COMMENTS = YES;
				CLANG_WARN_EMPTY_BODY = YES;
				CLANG_WARN_ENUM_CONVERSION = YES;
				CLANG_WARN_INFINITE_RECURSION = YES;
				CLANG_WARN_INT_CONVERSION = YES;
				CLANG_WARN_NON_LITERAL_NULL_CONVERSION = YES;
				CLANG_WARN_OBJC_IMPLICIT_RETAIN_SELF = YES;
				CLANG_WARN_OBJC_LITERAL_CONVERSION = YES;
				CLANG_WARN_OBJC_ROOT_CLASS = YES_ERROR;
				CLANG_WARN_QUOTED_INCLUDE_IN_FRAMEWORK_HEADER = YES;
				CLANG_WARN_RANGE_LOOP_ANALYSIS = YES;
				CLANG_WARN_STRICT_PROTOTYPES = YES;
				CLANG_WARN_SUSPICIOUS_MOVE = YES;
				CLANG_WARN_UNGUARDED_AVAILABILITY = YES_AGGRESSIVE;
				CLANG_WARN_UNREACHABLE_CODE = YES;
				CLANG_WARN__DUPLICATE_METHOD_MATCH = YES;
				COPY_PHASE_STRIP = NO;
				DEBUG_INFORMATION_FORMAT = dwarf;
				ENABLE_STRICT_OBJC_MSGSEND = YES;
				ENABLE_TESTABILITY = YES;
				ENABLE_USER_SCRIPT_SANDBOXING = YES;
				GCC_C_LANGUAGE_STANDARD = gnu17;
				GCC_DYNAMIC_NO_PIC = NO;
				GCC_NO_COMMON_BLOCKS = YES;
				GCC_OPTIMIZATION_LEVEL = 0;
				GCC_PREPROCESSOR_DEFINITIONS = (
					"DEBUG=1",
					"$(inherited)",
				);
				GCC_WARN_64_TO_32_BIT_CONVERSION = YES;
				GCC_WARN_ABOUT_RETURN_TYPE = YES_ERROR;
				GCC_WARN_UNDECLARED_SELECTOR = YES;
				GCC_WARN_UNINITIALIZED_AUTOS = YES_AGGRESSIVE;
				GCC_WARN_UNUSED_FUNCTION = YES;
				GCC_WARN_UNUSED_VARIABLE = YES;
				IPHONEOS_DEPLOYMENT_TARGET = 17.5;
				LOCALIZATION_PREFERS_STRING_CATALOGS = YES;
				MTL_ENABLE_DEBUG_INFO = INCLUDE_SOURCE;
				MTL_FAST_MATH = YES;
				ONLY_ACTIVE_ARCH = YES;
				SDKROOT = iphoneos;
				SWIFT_ACTIVE_COMPILATION_CONDITIONS = "DEBUG $(inherited)";
				SWIFT_OPTIMIZATION_LEVEL = "-Onone";
			};
			name = Debug;
		};
		DA45E69A2C469B9900599345 /* Release */ = {
			isa = XCBuildConfiguration;
			buildSettings = {
				ALWAYS_SEARCH_USER_PATHS = NO;
				ASSETCATALOG_COMPILER_GENERATE_SWIFT_ASSET_SYMBOL_EXTENSIONS = YES;
				CLANG_ANALYZER_NONNULL = YES;
				CLANG_ANALYZER_NUMBER_OBJECT_CONVERSION = YES_AGGRESSIVE;
				CLANG_CXX_LANGUAGE_STANDARD = "gnu++20";
				CLANG_ENABLE_MODULES = YES;
				CLANG_ENABLE_OBJC_ARC = YES;
				CLANG_ENABLE_OBJC_WEAK = YES;
				CLANG_WARN_BLOCK_CAPTURE_AUTORELEASING = YES;
				CLANG_WARN_BOOL_CONVERSION = YES;
				CLANG_WARN_COMMA = YES;
				CLANG_WARN_CONSTANT_CONVERSION = YES;
				CLANG_WARN_DEPRECATED_OBJC_IMPLEMENTATIONS = YES;
				CLANG_WARN_DIRECT_OBJC_ISA_USAGE = YES_ERROR;
				CLANG_WARN_DOCUMENTATION_COMMENTS = YES;
				CLANG_WARN_EMPTY_BODY = YES;
				CLANG_WARN_ENUM_CONVERSION = YES;
				CLANG_WARN_INFINITE_RECURSION = YES;
				CLANG_WARN_INT_CONVERSION = YES;
				CLANG_WARN_NON_LITERAL_NULL_CONVERSION = YES;
				CLANG_WARN_OBJC_IMPLICIT_RETAIN_SELF = YES;
				CLANG_WARN_OBJC_LITERAL_CONVERSION = YES;
				CLANG_WARN_OBJC_ROOT_CLASS = YES_ERROR;
				CLANG_WARN_QUOTED_INCLUDE_IN_FRAMEWORK_HEADER = YES;
				CLANG_WARN_RANGE_LOOP_ANALYSIS = YES;
				CLANG_WARN_STRICT_PROTOTYPES = YES;
				CLANG_WARN_SUSPICIOUS_MOVE = YES;
				CLANG_WARN_UNGUARDED_AVAILABILITY = YES_AGGRESSIVE;
				CLANG_WARN_UNREACHABLE_CODE = YES;
				CLANG_WARN__DUPLICATE_METHOD_MATCH = YES;
				COPY_PHASE_STRIP = NO;
				DEBUG_INFORMATION_FORMAT = "dwarf-with-dsym";
				ENABLE_NS_ASSERTIONS = NO;
				ENABLE_STRICT_OBJC_MSGSEND = YES;
				ENABLE_USER_SCRIPT_SANDBOXING = YES;
				GCC_C_LANGUAGE_STANDARD = gnu17;
				GCC_NO_COMMON_BLOCKS = YES;
				GCC_WARN_64_TO_32_BIT_CONVERSION = YES;
				GCC_WARN_ABOUT_RETURN_TYPE = YES_ERROR;
				GCC_WARN_UNDECLARED_SELECTOR = YES;
				GCC_WARN_UNINITIALIZED_AUTOS = YES_AGGRESSIVE;
				GCC_WARN_UNUSED_FUNCTION = YES;
				GCC_WARN_UNUSED_VARIABLE = YES;
				IPHONEOS_DEPLOYMENT_TARGET = 17.5;
				LOCALIZATION_PREFERS_STRING_CATALOGS = YES;
				MTL_ENABLE_DEBUG_INFO = NO;
				MTL_FAST_MATH = YES;
				SDKROOT = iphoneos;
				SWIFT_COMPILATION_MODE = wholemodule;
				VALIDATE_PRODUCT = YES;
			};
			name = Release;
		};
		DA45E69C2C469B9900599345 /* Debug */ = {
			isa = XCBuildConfiguration;
			buildSettings = {
				ASSETCATALOG_COMPILER_APPICON_NAME = AppIcon;
				ASSETCATALOG_COMPILER_GLOBAL_ACCENT_COLOR_NAME = AccentColor;
				CODE_SIGN_STYLE = Automatic;
				CURRENT_PROJECT_VERSION = 1;
				DEVELOPMENT_TEAM = QP4396NN77;
				ENABLE_USER_SCRIPT_SANDBOXING = YES;
				GENERATE_INFOPLIST_FILE = YES;
				INFOPLIST_FILE = CryptX/Info.plist;
				INFOPLIST_KEY_UIApplicationSupportsIndirectInputEvents = YES;
				INFOPLIST_KEY_UILaunchStoryboardName = LaunchScreen;
				INFOPLIST_KEY_UIMainStoryboardFile = Main;
				INFOPLIST_KEY_UISupportedInterfaceOrientations_iPad = "UIInterfaceOrientationPortrait UIInterfaceOrientationPortraitUpsideDown UIInterfaceOrientationLandscapeLeft UIInterfaceOrientationLandscapeRight";
				INFOPLIST_KEY_UISupportedInterfaceOrientations_iPhone = "UIInterfaceOrientationPortrait UIInterfaceOrientationLandscapeLeft UIInterfaceOrientationLandscapeRight";
				IPHONEOS_DEPLOYMENT_TARGET = 15.0;
				LD_RUNPATH_SEARCH_PATHS = (
					"$(inherited)",
					"@executable_path/Frameworks",
				);
				MARKETING_VERSION = 1.0;
				PRODUCT_BUNDLE_IDENTIFIER = com.Barkin.CryptX;
				PRODUCT_NAME = "$(TARGET_NAME)";
				SUPPORTED_PLATFORMS = "iphoneos iphonesimulator";
				SUPPORTS_MACCATALYST = NO;
				SUPPORTS_MAC_DESIGNED_FOR_IPHONE_IPAD = NO;
				SUPPORTS_XR_DESIGNED_FOR_IPHONE_IPAD = NO;
				SWIFT_EMIT_LOC_STRINGS = YES;
				SWIFT_VERSION = 5.0;
				TARGETED_DEVICE_FAMILY = "1,2";
			};
			name = Debug;
		};
		DA45E69D2C469B9900599345 /* Release */ = {
			isa = XCBuildConfiguration;
			buildSettings = {
				ASSETCATALOG_COMPILER_APPICON_NAME = AppIcon;
				ASSETCATALOG_COMPILER_GLOBAL_ACCENT_COLOR_NAME = AccentColor;
				CODE_SIGN_STYLE = Automatic;
				CURRENT_PROJECT_VERSION = 1;
				DEVELOPMENT_TEAM = QP4396NN77;
				ENABLE_USER_SCRIPT_SANDBOXING = YES;
				GENERATE_INFOPLIST_FILE = YES;
				INFOPLIST_FILE = CryptX/Info.plist;
				INFOPLIST_KEY_UIApplicationSupportsIndirectInputEvents = YES;
				INFOPLIST_KEY_UILaunchStoryboardName = LaunchScreen;
				INFOPLIST_KEY_UIMainStoryboardFile = Main;
				INFOPLIST_KEY_UISupportedInterfaceOrientations_iPad = "UIInterfaceOrientationPortrait UIInterfaceOrientationPortraitUpsideDown UIInterfaceOrientationLandscapeLeft UIInterfaceOrientationLandscapeRight";
				INFOPLIST_KEY_UISupportedInterfaceOrientations_iPhone = "UIInterfaceOrientationPortrait UIInterfaceOrientationLandscapeLeft UIInterfaceOrientationLandscapeRight";
				IPHONEOS_DEPLOYMENT_TARGET = 15.0;
				LD_RUNPATH_SEARCH_PATHS = (
					"$(inherited)",
					"@executable_path/Frameworks",
				);
				MARKETING_VERSION = 1.0;
				PRODUCT_BUNDLE_IDENTIFIER = com.Barkin.CryptX;
				PRODUCT_NAME = "$(TARGET_NAME)";
				SUPPORTED_PLATFORMS = "iphoneos iphonesimulator";
				SUPPORTS_MACCATALYST = NO;
				SUPPORTS_MAC_DESIGNED_FOR_IPHONE_IPAD = NO;
				SUPPORTS_XR_DESIGNED_FOR_IPHONE_IPAD = NO;
				SWIFT_EMIT_LOC_STRINGS = YES;
				SWIFT_VERSION = 5.0;
				TARGETED_DEVICE_FAMILY = "1,2";
			};
			name = Release;
		};
/* End XCBuildConfiguration section */

/* Begin XCConfigurationList section */
		DA45E6822C469B9700599345 /* Build configuration list for PBXProject "CryptX" */ = {
			isa = XCConfigurationList;
			buildConfigurations = (
				DA45E6992C469B9900599345 /* Debug */,
				DA45E69A2C469B9900599345 /* Release */,
			);
			defaultConfigurationIsVisible = 0;
			defaultConfigurationName = Release;
		};
		DA45E69B2C469B9900599345 /* Build configuration list for PBXNativeTarget "CryptX" */ = {
			isa = XCConfigurationList;
			buildConfigurations = (
				DA45E69C2C469B9900599345 /* Debug */,
				DA45E69D2C469B9900599345 /* Release */,
			);
			defaultConfigurationIsVisible = 0;
			defaultConfigurationName = Release;
		};
/* End XCConfigurationList section */

/* Begin XCRemoteSwiftPackageReference section */
		DA008BF02C539C4F00A93C97 /* XCRemoteSwiftPackageReference "lottie-ios" */ = {
			isa = XCRemoteSwiftPackageReference;
			repositoryURL = "https://github.com/airbnb/lottie-ios.git";
			requirement = {
				kind = upToNextMajorVersion;
				minimumVersion = 4.5.0;
			};
		};
		DA9795732C51000E004ED106 /* XCRemoteSwiftPackageReference "Alamofire" */ = {
			isa = XCRemoteSwiftPackageReference;
			repositoryURL = "https://github.com/Alamofire/Alamofire.git";
			requirement = {
				kind = upToNextMajorVersion;
				minimumVersion = 5.9.1;
			};
		};
		DAA16BF82C4A84120096FF9C /* XCRemoteSwiftPackageReference "Charts" */ = {
			isa = XCRemoteSwiftPackageReference;
			repositoryURL = "https://github.com/ChartsOrg/Charts.git";
			requirement = {
				kind = upToNextMajorVersion;
				minimumVersion = 5.1.0;
			};
		};
		DAA16BFB2C4A84D40096FF9C /* XCRemoteSwiftPackageReference "SwiftLintPlugins" */ = {
			isa = XCRemoteSwiftPackageReference;
			repositoryURL = "https://github.com/SimplyDanny/SwiftLintPlugins";
			requirement = {
				kind = upToNextMajorVersion;
				minimumVersion = 0.55.1;
			};
		};
		DAF3E38B2C4A7F2E00E036B2 /* XCRemoteSwiftPackageReference "TinyConstraints" */ = {
			isa = XCRemoteSwiftPackageReference;
			repositoryURL = "https://github.com/roberthein/TinyConstraints";
			requirement = {
				kind = upToNextMajorVersion;
				minimumVersion = 4.0.2;
			};
		};
/* End XCRemoteSwiftPackageReference section */

/* Begin XCSwiftPackageProductDependency section */
		DA31119C2C53B0B20090EF78 /* Lottie */ = {
			isa = XCSwiftPackageProductDependency;
			package = DA008BF02C539C4F00A93C97 /* XCRemoteSwiftPackageReference "lottie-ios" */;
			productName = Lottie;
		};
		DA9795742C51000E004ED106 /* Alamofire */ = {
			isa = XCSwiftPackageProductDependency;
			package = DA9795732C51000E004ED106 /* XCRemoteSwiftPackageReference "Alamofire" */;
			productName = Alamofire;
		};
		DAA16BF62C4A827A0096FF9C /* TinyConstraints */ = {
			isa = XCSwiftPackageProductDependency;
			package = DAF3E38B2C4A7F2E00E036B2 /* XCRemoteSwiftPackageReference "TinyConstraints" */;
			productName = TinyConstraints;
		};
		DAA16BF92C4A84120096FF9C /* DGCharts */ = {
			isa = XCSwiftPackageProductDependency;
			package = DAA16BF82C4A84120096FF9C /* XCRemoteSwiftPackageReference "Charts" */;
			productName = DGCharts;
		};
		DAA916662C4A865D00BE33BE /* SwiftLintBuildToolPlugin */ = {
			isa = XCSwiftPackageProductDependency;
			package = DAA16BFB2C4A84D40096FF9C /* XCRemoteSwiftPackageReference "SwiftLintPlugins" */;
			productName = "plugin:SwiftLintBuildToolPlugin";
		};
/* End XCSwiftPackageProductDependency section */
	};
	rootObject = DA45E67F2C469B9700599345 /* Project object */;
}
